
Microsoft Visual Studio Solution File, Format Version 12.00
# Visual Studio Version 17
VisualStudioVersion = 17.0.32112.339
MinimumVisualStudioVersion = 10.0.40219.1
Project("{9A19103F-16F7-4668-BE54-9A1E7A4F7556}") = "Slimsy", "src\Slimsy\Slimsy.csproj", "{5CB2B9A7-A9A0-4C46-89C4-E1C52B88D34A}"
EndProject
Project("{2150E333-8FDC-42A3-9474-1A3956D46DE8}") = "Build", "Build", "{F41AA125-80DD-4D70-96DF-991941A4EFB7}"
	ProjectSection(SolutionItems) = preProject
		build\appveyor-semver.ps1 = build\appveyor-semver.ps1
		appveyor.yml = appveyor.yml
		build\check-release-version.ps1 = build\check-release-version.ps1
	EndProjectSection
EndProject
Project("{FAE04EC0-301F-11D3-BF4B-00C04F79EFBC}") = "Slimsy.TestSite", "src\Slimsy.TestSite\Slimsy.TestSite.csproj", "{1D6F7196-C134-4A0B-86B5-5DEF4EAD6CED}"
EndProject
Global
	GlobalSection(SolutionConfigurationPlatforms) = preSolution
		Debug|Any CPU = Debug|Any CPU
		Release|Any CPU = Release|Any CPU
	EndGlobalSection
	GlobalSection(ProjectConfigurationPlatforms) = postSolution
		{5CB2B9A7-A9A0-4C46-89C4-E1C52B88D34A}.Debug|Any CPU.ActiveCfg = Debug|Any CPU
		{5CB2B9A7-A9A0-4C46-89C4-E1C52B88D34A}.Debug|Any CPU.Build.0 = Debug|Any CPU
		{5CB2B9A7-A9A0-4C46-89C4-E1C52B88D34A}.Release|Any CPU.ActiveCfg = Release|Any CPU
		{5CB2B9A7-A9A0-4C46-89C4-E1C52B88D34A}.Release|Any CPU.Build.0 = Release|Any CPU
		{1D6F7196-C134-4A0B-86B5-5DEF4EAD6CED}.Debug|Any CPU.ActiveCfg = Debug|Any CPU
		{1D6F7196-C134-4A0B-86B5-5DEF4EAD6CED}.Debug|Any CPU.Build.0 = Debug|Any CPU
		{1D6F7196-C134-4A0B-86B5-5DEF4EAD6CED}.Release|Any CPU.ActiveCfg = Release|Any CPU
		{1D6F7196-C134-4A0B-86B5-5DEF4EAD6CED}.Release|Any CPU.Build.0 = Release|Any CPU
	EndGlobalSection
	GlobalSection(SolutionProperties) = preSolution
		HideSolutionNode = FALSE
	EndGlobalSection
	GlobalSection(ExtensibilityGlobals) = postSolution
		SolutionGuid = {E0E72C3B-506C-4A70-ABB3-158AAF482709}
	EndGlobalSection
EndGlobal
