<Solution>
  <Folder Name="/Build/">
    <File Path="NuGet.config" />
  </Folder>
  <Folder Name="/Docs/">
    <File Path="Changelog.md" />
    <File Path="README.md" />
    <File Path="umbraco-marketplace.json" />
  </Folder>
  <Project Path="src/Slimsy.TestSite/Slimsy.TestSite.csproj" />
  <Project Path="src/Slimsy/Slimsy.csproj" />
</Solution>
